
Microsoft Visual Studio Solution File, Format Version 12.00
# Visual Studio Version 17
VisualStudioVersion = 17.0.31903.59
MinimumVisualStudioVersion = 10.0.40219.1
Project("{2150E333-8FDC-42A3-9474-1A3956D46DE8}") = "services", "services", "{5854FF58-B8C5-05C6-5BF2-ACE42193F22B}"
EndProject
Project("{2150E333-8FDC-42A3-9474-1A3956D46DE8}") = "QuotationService", "QuotationService", "{C8665487-D3EB-8A32-1D71-C8C80D0D37E4}"
EndProject
Project("{FAE04EC0-301F-11D3-BF4B-00C04F79EFBC}") = "QuotationService.WebAPI", "services\QuotationService\QuotationService.WebAPI\QuotationService.WebAPI.csproj", "{A0B96981-BA7D-4E66-A808-CE7733B5E3CA}"
EndProject
Project("{2150E333-8FDC-42A3-9474-1A3956D46DE8}") = "UserService", "UserService", "{BB9B0570-D764-F740-A1C1-3444BA1D5022}"
EndProject
Project("{FAE04EC0-301F-11D3-BF4B-00C04F79EFBC}") = "UserService.WebAPI", "services\UserService\UserService.WebAPI\UserService.WebAPI.csproj", "{5DF34B52-03B1-4F5F-9555-0A2BEB8E2C19}"
EndProject
Project("{2150E333-8FDC-42A3-9474-1A3956D46DE8}") = "ApplicationService", "ApplicationService", "{1ADA7DDB-BF07-FA3B-4795-25ABCD2BA474}"
EndProject
Project("{FAE04EC0-301F-11D3-BF4B-00C04F79EFBC}") = "ApplicationService.WebAPI", "services\ApplicationService\ApplicationService.WebAPI\ApplicationService.WebAPI.csproj", "{12B88F85-C80E-44DA-9D3D-9CC388432845}"
EndProject
Project("{2150E333-8FDC-42A3-9474-1A3956D46DE8}") = "PaymentService", "PaymentService", "{C37F6A99-4F64-C411-A3CA-5C94B414AB7E}"
EndProject
Project("{FAE04EC0-301F-11D3-BF4B-00C04F79EFBC}") = "PaymentService.WebAPI", "services\PaymentService\PaymentService.WebAPI\PaymentService.WebAPI.csproj", "{EFC31923-86AD-4312-B49F-9CB6CDD97239}"
EndProject
Project("{2150E333-8FDC-42A3-9474-1A3956D46DE8}") = "IntegrationService", "IntegrationService", "{B4759EA5-3746-CADC-71D9-E46DC9F56291}"
EndProject
Project("{FAE04EC0-301F-11D3-BF4B-00C04F79EFBC}") = "IntegrationService.WebAPI", "services\IntegrationService\IntegrationService.WebAPI\IntegrationService.WebAPI.csproj", "{549F42A5-99D3-4F59-AEB9-5C9B9B78207A}"
EndProject
Project("{2150E333-8FDC-42A3-9474-1A3956D46DE8}") = "ApplicationInforceService", "ApplicationInforceService", "{A5B129C1-E757-177A-41C3-6B2436C72F40}"
EndProject
Project("{FAE04EC0-301F-11D3-BF4B-00C04F79EFBC}") = "ApplicationInforceService.WebAPI", "services\ApplicationInforceService\ApplicationInforceService.WebAPI\ApplicationInforceService.WebAPI.csproj", "{7BB42BB2-D792-4FC9-A5A0-540022C2D88A}"
EndProject
Project("{2150E333-8FDC-42A3-9474-1A3956D46DE8}") = "ProductService", "ProductService", "{1C57C2D2-1246-804C-0890-EC7B6BEC053B}"
EndProject
Project("{FAE04EC0-301F-11D3-BF4B-00C04F79EFBC}") = "ProductService.WebAPI", "services\ProductService\ProductService.WebAPI\ProductService.WebAPI.csproj", "{350F4C13-8CFE-4547-87AF-A9017938C40D}"
EndProject
Project("{2150E333-8FDC-42A3-9474-1A3956D46DE8}") = "gateway", "gateway", "{E7BDDBC6-9FD1-D1D7-ACD8-2C4F8E3D2461}"
EndProject
Project("{FAE04EC0-301F-11D3-BF4B-00C04F79EFBC}") = "ApiGateway", "gateway\ApiGateway\ApiGateway.csproj", "{02C81620-989F-4CA8-A1A1-6CBD5EAE541D}"
EndProject
Project("{FAE04EC0-301F-11D3-BF4B-00C04F79EFBC}") = "ApplicationInforceService.Core.Application", "services\ApplicationInforceService\ApplicationInforceService.Core.Application\ApplicationInforceService.Core.Application.csproj", "{A3C83514-3BBB-4E7D-8ABC-14514CE1E442}"
EndProject
Project("{FAE04EC0-301F-11D3-BF4B-00C04F79EFBC}") = "ApplicationInforceService.Core.Domain", "services\ApplicationInforceService\ApplicationInforceService.Core.Domain\ApplicationInforceService.Core.Domain.csproj", "{83287E38-4A51-4F7A-8DE2-58B2026F7921}"
EndProject
Project("{FAE04EC0-301F-11D3-BF4B-00C04F79EFBC}") = "IntegrationService.Core.Application", "services\IntegrationService\IntegrationService.Core.Application\IntegrationService.Core.Application.csproj", "{FA904857-991B-424C-9D99-8CF28AF5A33E}"
EndProject
Project("{FAE04EC0-301F-11D3-BF4B-00C04F79EFBC}") = "IntegrationService.Core.Domain", "services\IntegrationService\IntegrationService.Core.Domain\IntegrationService.Core.Domain.csproj", "{F7C54787-324C-4456-BC11-5D55FC878D8D}"
EndProject
Global
	GlobalSection(SolutionConfigurationPlatforms) = preSolution
		Debug|Any CPU = Debug|Any CPU
		Debug|x64 = Debug|x64
		Debug|x86 = Debug|x86
		Release|Any CPU = Release|Any CPU
		Release|x64 = Release|x64
		Release|x86 = Release|x86
	EndGlobalSection
	GlobalSection(ProjectConfigurationPlatforms) = postSolution
		{A0B96981-BA7D-4E66-A808-CE7733B5E3CA}.Debug|Any CPU.ActiveCfg = Debug|Any CPU
		{A0B96981-BA7D-4E66-A808-CE7733B5E3CA}.Debug|Any CPU.Build.0 = Debug|Any CPU
		{A0B96981-BA7D-4E66-A808-CE7733B5E3CA}.Debug|x64.ActiveCfg = Debug|Any CPU
		{A0B96981-BA7D-4E66-A808-CE7733B5E3CA}.Debug|x64.Build.0 = Debug|Any CPU
		{A0B96981-BA7D-4E66-A808-CE7733B5E3CA}.Debug|x86.ActiveCfg = Debug|Any CPU
		{A0B96981-BA7D-4E66-A808-CE7733B5E3CA}.Debug|x86.Build.0 = Debug|Any CPU
		{A0B96981-BA7D-4E66-A808-CE7733B5E3CA}.Release|Any CPU.ActiveCfg = Release|Any CPU
		{A0B96981-BA7D-4E66-A808-CE7733B5E3CA}.Release|Any CPU.Build.0 = Release|Any CPU
		{A0B96981-BA7D-4E66-A808-CE7733B5E3CA}.Release|x64.ActiveCfg = Release|Any CPU
		{A0B96981-BA7D-4E66-A808-CE7733B5E3CA}.Release|x64.Build.0 = Release|Any CPU
		{A0B96981-BA7D-4E66-A808-CE7733B5E3CA}.Release|x86.ActiveCfg = Release|Any CPU
		{A0B96981-BA7D-4E66-A808-CE7733B5E3CA}.Release|x86.Build.0 = Release|Any CPU
		{5DF34B52-03B1-4F5F-9555-0A2BEB8E2C19}.Debug|Any CPU.ActiveCfg = Debug|Any CPU
		{5DF34B52-03B1-4F5F-9555-0A2BEB8E2C19}.Debug|Any CPU.Build.0 = Debug|Any CPU
		{5DF34B52-03B1-4F5F-9555-0A2BEB8E2C19}.Debug|x64.ActiveCfg = Debug|Any CPU
		{5DF34B52-03B1-4F5F-9555-0A2BEB8E2C19}.Debug|x64.Build.0 = Debug|Any CPU
		{5DF34B52-03B1-4F5F-9555-0A2BEB8E2C19}.Debug|x86.ActiveCfg = Debug|Any CPU
		{5DF34B52-03B1-4F5F-9555-0A2BEB8E2C19}.Debug|x86.Build.0 = Debug|Any CPU
		{5DF34B52-03B1-4F5F-9555-0A2BEB8E2C19}.Release|Any CPU.ActiveCfg = Release|Any CPU
		{5DF34B52-03B1-4F5F-9555-0A2BEB8E2C19}.Release|Any CPU.Build.0 = Release|Any CPU
		{5DF34B52-03B1-4F5F-9555-0A2BEB8E2C19}.Release|x64.ActiveCfg = Release|Any CPU
		{5DF34B52-03B1-4F5F-9555-0A2BEB8E2C19}.Release|x64.Build.0 = Release|Any CPU
		{5DF34B52-03B1-4F5F-9555-0A2BEB8E2C19}.Release|x86.ActiveCfg = Release|Any CPU
		{5DF34B52-03B1-4F5F-9555-0A2BEB8E2C19}.Release|x86.Build.0 = Release|Any CPU
		{12B88F85-C80E-44DA-9D3D-9CC388432845}.Debug|Any CPU.ActiveCfg = Debug|Any CPU
		{12B88F85-C80E-44DA-9D3D-9CC388432845}.Debug|Any CPU.Build.0 = Debug|Any CPU
		{12B88F85-C80E-44DA-9D3D-9CC388432845}.Debug|x64.ActiveCfg = Debug|Any CPU
		{12B88F85-C80E-44DA-9D3D-9CC388432845}.Debug|x64.Build.0 = Debug|Any CPU
		{12B88F85-C80E-44DA-9D3D-9CC388432845}.Debug|x86.ActiveCfg = Debug|Any CPU
		{12B88F85-C80E-44DA-9D3D-9CC388432845}.Debug|x86.Build.0 = Debug|Any CPU
		{12B88F85-C80E-44DA-9D3D-9CC388432845}.Release|Any CPU.ActiveCfg = Release|Any CPU
		{12B88F85-C80E-44DA-9D3D-9CC388432845}.Release|Any CPU.Build.0 = Release|Any CPU
		{12B88F85-C80E-44DA-9D3D-9CC388432845}.Release|x64.ActiveCfg = Release|Any CPU
		{12B88F85-C80E-44DA-9D3D-9CC388432845}.Release|x64.Build.0 = Release|Any CPU
		{12B88F85-C80E-44DA-9D3D-9CC388432845}.Release|x86.ActiveCfg = Release|Any CPU
		{12B88F85-C80E-44DA-9D3D-9CC388432845}.Release|x86.Build.0 = Release|Any CPU
		{EFC31923-86AD-4312-B49F-9CB6CDD97239}.Debug|Any CPU.ActiveCfg = Debug|Any CPU
		{EFC31923-86AD-4312-B49F-9CB6CDD97239}.Debug|Any CPU.Build.0 = Debug|Any CPU
		{EFC31923-86AD-4312-B49F-9CB6CDD97239}.Debug|x64.ActiveCfg = Debug|Any CPU
		{EFC31923-86AD-4312-B49F-9CB6CDD97239}.Debug|x64.Build.0 = Debug|Any CPU
		{EFC31923-86AD-4312-B49F-9CB6CDD97239}.Debug|x86.ActiveCfg = Debug|Any CPU
		{EFC31923-86AD-4312-B49F-9CB6CDD97239}.Debug|x86.Build.0 = Debug|Any CPU
		{EFC31923-86AD-4312-B49F-9CB6CDD97239}.Release|Any CPU.ActiveCfg = Release|Any CPU
		{EFC31923-86AD-4312-B49F-9CB6CDD97239}.Release|Any CPU.Build.0 = Release|Any CPU
		{EFC31923-86AD-4312-B49F-9CB6CDD97239}.Release|x64.ActiveCfg = Release|Any CPU
		{EFC31923-86AD-4312-B49F-9CB6CDD97239}.Release|x64.Build.0 = Release|Any CPU
		{EFC31923-86AD-4312-B49F-9CB6CDD97239}.Release|x86.ActiveCfg = Release|Any CPU
		{EFC31923-86AD-4312-B49F-9CB6CDD97239}.Release|x86.Build.0 = Release|Any CPU
		{549F42A5-99D3-4F59-AEB9-5C9B9B78207A}.Debug|Any CPU.ActiveCfg = Debug|Any CPU
		{549F42A5-99D3-4F59-AEB9-5C9B9B78207A}.Debug|Any CPU.Build.0 = Debug|Any CPU
		{549F42A5-99D3-4F59-AEB9-5C9B9B78207A}.Debug|x64.ActiveCfg = Debug|Any CPU
		{549F42A5-99D3-4F59-AEB9-5C9B9B78207A}.Debug|x64.Build.0 = Debug|Any CPU
		{549F42A5-99D3-4F59-AEB9-5C9B9B78207A}.Debug|x86.ActiveCfg = Debug|Any CPU
		{549F42A5-99D3-4F59-AEB9-5C9B9B78207A}.Debug|x86.Build.0 = Debug|Any CPU
		{549F42A5-99D3-4F59-AEB9-5C9B9B78207A}.Release|Any CPU.ActiveCfg = Release|Any CPU
		{549F42A5-99D3-4F59-AEB9-5C9B9B78207A}.Release|Any CPU.Build.0 = Release|Any CPU
		{549F42A5-99D3-4F59-AEB9-5C9B9B78207A}.Release|x64.ActiveCfg = Release|Any CPU
		{549F42A5-99D3-4F59-AEB9-5C9B9B78207A}.Release|x64.Build.0 = Release|Any CPU
		{549F42A5-99D3-4F59-AEB9-5C9B9B78207A}.Release|x86.ActiveCfg = Release|Any CPU
		{549F42A5-99D3-4F59-AEB9-5C9B9B78207A}.Release|x86.Build.0 = Release|Any CPU
		{7BB42BB2-D792-4FC9-A5A0-540022C2D88A}.Debug|Any CPU.ActiveCfg = Debug|Any CPU
		{7BB42BB2-D792-4FC9-A5A0-540022C2D88A}.Debug|Any CPU.Build.0 = Debug|Any CPU
		{7BB42BB2-D792-4FC9-A5A0-540022C2D88A}.Debug|x64.ActiveCfg = Debug|Any CPU
		{7BB42BB2-D792-4FC9-A5A0-540022C2D88A}.Debug|x64.Build.0 = Debug|Any CPU
		{7BB42BB2-D792-4FC9-A5A0-540022C2D88A}.Debug|x86.ActiveCfg = Debug|Any CPU
		{7BB42BB2-D792-4FC9-A5A0-540022C2D88A}.Debug|x86.Build.0 = Debug|Any CPU
		{7BB42BB2-D792-4FC9-A5A0-540022C2D88A}.Release|Any CPU.ActiveCfg = Release|Any CPU
		{7BB42BB2-D792-4FC9-A5A0-540022C2D88A}.Release|Any CPU.Build.0 = Release|Any CPU
		{7BB42BB2-D792-4FC9-A5A0-540022C2D88A}.Release|x64.ActiveCfg = Release|Any CPU
		{7BB42BB2-D792-4FC9-A5A0-540022C2D88A}.Release|x64.Build.0 = Release|Any CPU
		{7BB42BB2-D792-4FC9-A5A0-540022C2D88A}.Release|x86.ActiveCfg = Release|Any CPU
		{7BB42BB2-D792-4FC9-A5A0-540022C2D88A}.Release|x86.Build.0 = Release|Any CPU
		{350F4C13-8CFE-4547-87AF-A9017938C40D}.Debug|Any CPU.ActiveCfg = Debug|Any CPU
		{350F4C13-8CFE-4547-87AF-A9017938C40D}.Debug|Any CPU.Build.0 = Debug|Any CPU
		{350F4C13-8CFE-4547-87AF-A9017938C40D}.Debug|x64.ActiveCfg = Debug|Any CPU
		{350F4C13-8CFE-4547-87AF-A9017938C40D}.Debug|x64.Build.0 = Debug|Any CPU
		{350F4C13-8CFE-4547-87AF-A9017938C40D}.Debug|x86.ActiveCfg = Debug|Any CPU
		{350F4C13-8CFE-4547-87AF-A9017938C40D}.Debug|x86.Build.0 = Debug|Any CPU
		{350F4C13-8CFE-4547-87AF-A9017938C40D}.Release|Any CPU.ActiveCfg = Release|Any CPU
		{350F4C13-8CFE-4547-87AF-A9017938C40D}.Release|Any CPU.Build.0 = Release|Any CPU
		{350F4C13-8CFE-4547-87AF-A9017938C40D}.Release|x64.ActiveCfg = Release|Any CPU
		{350F4C13-8CFE-4547-87AF-A9017938C40D}.Release|x64.Build.0 = Release|Any CPU
		{350F4C13-8CFE-4547-87AF-A9017938C40D}.Release|x86.ActiveCfg = Release|Any CPU
		{350F4C13-8CFE-4547-87AF-A9017938C40D}.Release|x86.Build.0 = Release|Any CPU
		{02C81620-989F-4CA8-A1A1-6CBD5EAE541D}.Debug|Any CPU.ActiveCfg = Debug|Any CPU
		{02C81620-989F-4CA8-A1A1-6CBD5EAE541D}.Debug|Any CPU.Build.0 = Debug|Any CPU
		{02C81620-989F-4CA8-A1A1-6CBD5EAE541D}.Debug|x64.ActiveCfg = Debug|Any CPU
		{02C81620-989F-4CA8-A1A1-6CBD5EAE541D}.Debug|x64.Build.0 = Debug|Any CPU
		{02C81620-989F-4CA8-A1A1-6CBD5EAE541D}.Debug|x86.ActiveCfg = Debug|Any CPU
		{02C81620-989F-4CA8-A1A1-6CBD5EAE541D}.Debug|x86.Build.0 = Debug|Any CPU
		{02C81620-989F-4CA8-A1A1-6CBD5EAE541D}.Release|Any CPU.ActiveCfg = Release|Any CPU
		{02C81620-989F-4CA8-A1A1-6CBD5EAE541D}.Release|Any CPU.Build.0 = Release|Any CPU
		{02C81620-989F-4CA8-A1A1-6CBD5EAE541D}.Release|x64.ActiveCfg = Release|Any CPU
		{02C81620-989F-4CA8-A1A1-6CBD5EAE541D}.Release|x64.Build.0 = Release|Any CPU
		{02C81620-989F-4CA8-A1A1-6CBD5EAE541D}.Release|x86.ActiveCfg = Release|Any CPU
		{02C81620-989F-4CA8-A1A1-6CBD5EAE541D}.Release|x86.Build.0 = Release|Any CPU
		{A3C83514-3BBB-4E7D-8ABC-14514CE1E442}.Debug|Any CPU.ActiveCfg = Debug|Any CPU
		{A3C83514-3BBB-4E7D-8ABC-14514CE1E442}.Debug|Any CPU.Build.0 = Debug|Any CPU
		{A3C83514-3BBB-4E7D-8ABC-14514CE1E442}.Debug|x64.ActiveCfg = Debug|Any CPU
		{A3C83514-3BBB-4E7D-8ABC-14514CE1E442}.Debug|x64.Build.0 = Debug|Any CPU
		{A3C83514-3BBB-4E7D-8ABC-14514CE1E442}.Debug|x86.ActiveCfg = Debug|Any CPU
		{A3C83514-3BBB-4E7D-8ABC-14514CE1E442}.Debug|x86.Build.0 = Debug|Any CPU
		{A3C83514-3BBB-4E7D-8ABC-14514CE1E442}.Release|Any CPU.ActiveCfg = Release|Any CPU
		{A3C83514-3BBB-4E7D-8ABC-14514CE1E442}.Release|Any CPU.Build.0 = Release|Any CPU
		{A3C83514-3BBB-4E7D-8ABC-14514CE1E442}.Release|x64.ActiveCfg = Release|Any CPU
		{A3C83514-3BBB-4E7D-8ABC-14514CE1E442}.Release|x64.Build.0 = Release|Any CPU
		{A3C83514-3BBB-4E7D-8ABC-14514CE1E442}.Release|x86.ActiveCfg = Release|Any CPU
		{A3C83514-3BBB-4E7D-8ABC-14514CE1E442}.Release|x86.Build.0 = Release|Any CPU
		{83287E38-4A51-4F7A-8DE2-58B2026F7921}.Debug|Any CPU.ActiveCfg = Debug|Any CPU
		{83287E38-4A51-4F7A-8DE2-58B2026F7921}.Debug|Any CPU.Build.0 = Debug|Any CPU
		{83287E38-4A51-4F7A-8DE2-58B2026F7921}.Debug|x64.ActiveCfg = Debug|Any CPU
		{83287E38-4A51-4F7A-8DE2-58B2026F7921}.Debug|x64.Build.0 = Debug|Any CPU
		{83287E38-4A51-4F7A-8DE2-58B2026F7921}.Debug|x86.ActiveCfg = Debug|Any CPU
		{83287E38-4A51-4F7A-8DE2-58B2026F7921}.Debug|x86.Build.0 = Debug|Any CPU
		{83287E38-4A51-4F7A-8DE2-58B2026F7921}.Release|Any CPU.ActiveCfg = Release|Any CPU
		{83287E38-4A51-4F7A-8DE2-58B2026F7921}.Release|Any CPU.Build.0 = Release|Any CPU
		{83287E38-4A51-4F7A-8DE2-58B2026F7921}.Release|x64.ActiveCfg = Release|Any CPU
		{83287E38-4A51-4F7A-8DE2-58B2026F7921}.Release|x64.Build.0 = Release|Any CPU
		{83287E38-4A51-4F7A-8DE2-58B2026F7921}.Release|x86.ActiveCfg = Release|Any CPU
		{83287E38-4A51-4F7A-8DE2-58B2026F7921}.Release|x86.Build.0 = Release|Any CPU
		{FA904857-991B-424C-9D99-8CF28AF5A33E}.Debug|Any CPU.ActiveCfg = Debug|Any CPU
		{FA904857-991B-424C-9D99-8CF28AF5A33E}.Debug|Any CPU.Build.0 = Debug|Any CPU
		{FA904857-991B-424C-9D99-8CF28AF5A33E}.Debug|x64.ActiveCfg = Debug|Any CPU
		{FA904857-991B-424C-9D99-8CF28AF5A33E}.Debug|x64.Build.0 = Debug|Any CPU
		{FA904857-991B-424C-9D99-8CF28AF5A33E}.Debug|x86.ActiveCfg = Debug|Any CPU
		{FA904857-991B-424C-9D99-8CF28AF5A33E}.Debug|x86.Build.0 = Debug|Any CPU
		{FA904857-991B-424C-9D99-8CF28AF5A33E}.Release|Any CPU.ActiveCfg = Release|Any CPU
		{FA904857-991B-424C-9D99-8CF28AF5A33E}.Release|Any CPU.Build.0 = Release|Any CPU
		{FA904857-991B-424C-9D99-8CF28AF5A33E}.Release|x64.ActiveCfg = Release|Any CPU
		{FA904857-991B-424C-9D99-8CF28AF5A33E}.Release|x64.Build.0 = Release|Any CPU
		{FA904857-991B-424C-9D99-8CF28AF5A33E}.Release|x86.ActiveCfg = Release|Any CPU
		{FA904857-991B-424C-9D99-8CF28AF5A33E}.Release|x86.Build.0 = Release|Any CPU
		{F7C54787-324C-4456-BC11-5D55FC878D8D}.Debug|Any CPU.ActiveCfg = Debug|Any CPU
		{F7C54787-324C-4456-BC11-5D55FC878D8D}.Debug|Any CPU.Build.0 = Debug|Any CPU
		{F7C54787-324C-4456-BC11-5D55FC878D8D}.Debug|x64.ActiveCfg = Debug|Any CPU
		{F7C54787-324C-4456-BC11-5D55FC878D8D}.Debug|x64.Build.0 = Debug|Any CPU
		{F7C54787-324C-4456-BC11-5D55FC878D8D}.Debug|x86.ActiveCfg = Debug|Any CPU
		{F7C54787-324C-4456-BC11-5D55FC878D8D}.Debug|x86.Build.0 = Debug|Any CPU
		{F7C54787-324C-4456-BC11-5D55FC878D8D}.Release|Any CPU.ActiveCfg = Release|Any CPU
		{F7C54787-324C-4456-BC11-5D55FC878D8D}.Release|Any CPU.Build.0 = Release|Any CPU
		{F7C54787-324C-4456-BC11-5D55FC878D8D}.Release|x64.ActiveCfg = Release|Any CPU
		{F7C54787-324C-4456-BC11-5D55FC878D8D}.Release|x64.Build.0 = Release|Any CPU
		{F7C54787-324C-4456-BC11-5D55FC878D8D}.Release|x86.ActiveCfg = Release|Any CPU
		{F7C54787-324C-4456-BC11-5D55FC878D8D}.Release|x86.Build.0 = Release|Any CPU
	EndGlobalSection
	GlobalSection(SolutionProperties) = preSolution
		HideSolutionNode = FALSE
	EndGlobalSection
	GlobalSection(NestedProjects) = preSolution
		{C8665487-D3EB-8A32-1D71-C8C80D0D37E4} = {5854FF58-B8C5-05C6-5BF2-ACE42193F22B}
		{A0B96981-BA7D-4E66-A808-CE7733B5E3CA} = {C8665487-D3EB-8A32-1D71-C8C80D0D37E4}
		{BB9B0570-D764-F740-A1C1-3444BA1D5022} = {5854FF58-B8C5-05C6-5BF2-ACE42193F22B}
		{5DF34B52-03B1-4F5F-9555-0A2BEB8E2C19} = {BB9B0570-D764-F740-A1C1-3444BA1D5022}
		{1ADA7DDB-BF07-FA3B-4795-25ABCD2BA474} = {5854FF58-B8C5-05C6-5BF2-ACE42193F22B}
		{12B88F85-C80E-44DA-9D3D-9CC388432845} = {1ADA7DDB-BF07-FA3B-4795-25ABCD2BA474}
		{C37F6A99-4F64-C411-A3CA-5C94B414AB7E} = {5854FF58-B8C5-05C6-5BF2-ACE42193F22B}
		{EFC31923-86AD-4312-B49F-9CB6CDD97239} = {C37F6A99-4F64-C411-A3CA-5C94B414AB7E}
		{B4759EA5-3746-CADC-71D9-E46DC9F56291} = {5854FF58-B8C5-05C6-5BF2-ACE42193F22B}
		{549F42A5-99D3-4F59-AEB9-5C9B9B78207A} = {B4759EA5-3746-CADC-71D9-E46DC9F56291}
		{A5B129C1-E757-177A-41C3-6B2436C72F40} = {5854FF58-B8C5-05C6-5BF2-ACE42193F22B}
		{7BB42BB2-D792-4FC9-A5A0-540022C2D88A} = {A5B129C1-E757-177A-41C3-6B2436C72F40}
		{1C57C2D2-1246-804C-0890-EC7B6BEC053B} = {5854FF58-B8C5-05C6-5BF2-ACE42193F22B}
		{350F4C13-8CFE-4547-87AF-A9017938C40D} = {1C57C2D2-1246-804C-0890-EC7B6BEC053B}
		{02C81620-989F-4CA8-A1A1-6CBD5EAE541D} = {E7BDDBC6-9FD1-D1D7-ACD8-2C4F8E3D2461}
		{A3C83514-3BBB-4E7D-8ABC-14514CE1E442} = {A5B129C1-E757-177A-41C3-6B2436C72F40}
		{83287E38-4A51-4F7A-8DE2-58B2026F7921} = {A5B129C1-E757-177A-41C3-6B2436C72F40}
		{FA904857-991B-424C-9D99-8CF28AF5A33E} = {B4759EA5-3746-CADC-71D9-E46DC9F56291}
		{F7C54787-324C-4456-BC11-5D55FC878D8D} = {B4759EA5-3746-CADC-71D9-E46DC9F56291}
	EndGlobalSection
EndGlobal
