
Microsoft Visual Studio Solution File, Format Version 12.00
# Visual Studio Version 17
VisualStudioVersion = 17.0.31903.59
MinimumVisualStudioVersion = 10.0.40219.1
Project("{FAE04EC0-301F-11D3-BF4B-00C04F79EFBC}") = "ApplicationInforceService.WebAPI", "ApplicationInforceService.WebAPI\ApplicationInforceService.WebAPI.csproj", "{9EE9E808-A8DD-4C63-ADF0-D50A6FA28D09}"
EndProject
Project("{FAE04EC0-301F-11D3-BF4B-00C04F79EFBC}") = "ApplicationInforceService.Core.Application", "ApplicationInforceService.Core.Application\ApplicationInforceService.Core.Application.csproj", "{9DD9A387-89F9-4E5E-A0BF-A4D2F4A7AA59}"
EndProject
Project("{FAE04EC0-301F-11D3-BF4B-00C04F79EFBC}") = "ApplicationInforceService.Core.Domain", "ApplicationInforceService.Core.Domain\ApplicationInforceService.Core.Domain.csproj", "{06B4BB2B-FA10-49B9-861F-BB0A1D83B1E1}"
EndProject
Project("{FAE04EC0-301F-11D3-BF4B-00C04F79EFBC}") = "ApplicationInforceService.Infrastructure.Persistence", "ApplicationInforceService.Infrastructure.Persistence\ApplicationInforceService.Infrastructure.Persistence.csproj", "{07662914-90CF-4CB7-B78B-28970BE5CE3D}"
EndProject
Project("{FAE04EC0-301F-11D3-BF4B-00C04F79EFBC}") = "ApplicationInforceService.Infrastructure.Shared", "ApplicationInforceService.Infrastructure.Shared\ApplicationInforceService.Infrastructure.Shared.csproj", "{7F595548-CCE3-494D-813B-7D38716A1EAB}"
EndProject
Global
	GlobalSection(SolutionConfigurationPlatforms) = preSolution
		Debug|Any CPU = Debug|Any CPU
		Debug|x64 = Debug|x64
		Debug|x86 = Debug|x86
		Release|Any CPU = Release|Any CPU
		Release|x64 = Release|x64
		Release|x86 = Release|x86
	EndGlobalSection
	GlobalSection(ProjectConfigurationPlatforms) = postSolution
		{9EE9E808-A8DD-4C63-ADF0-D50A6FA28D09}.Debug|Any CPU.ActiveCfg = Debug|Any CPU
		{9EE9E808-A8DD-4C63-ADF0-D50A6FA28D09}.Debug|Any CPU.Build.0 = Debug|Any CPU
		{9EE9E808-A8DD-4C63-ADF0-D50A6FA28D09}.Debug|x64.ActiveCfg = Debug|Any CPU
		{9EE9E808-A8DD-4C63-ADF0-D50A6FA28D09}.Debug|x64.Build.0 = Debug|Any CPU
		{9EE9E808-A8DD-4C63-ADF0-D50A6FA28D09}.Debug|x86.ActiveCfg = Debug|Any CPU
		{9EE9E808-A8DD-4C63-ADF0-D50A6FA28D09}.Debug|x86.Build.0 = Debug|Any CPU
		{9EE9E808-A8DD-4C63-ADF0-D50A6FA28D09}.Release|Any CPU.ActiveCfg = Release|Any CPU
		{9EE9E808-A8DD-4C63-ADF0-D50A6FA28D09}.Release|Any CPU.Build.0 = Release|Any CPU
		{9EE9E808-A8DD-4C63-ADF0-D50A6FA28D09}.Release|x64.ActiveCfg = Release|Any CPU
		{9EE9E808-A8DD-4C63-ADF0-D50A6FA28D09}.Release|x64.Build.0 = Release|Any CPU
		{9EE9E808-A8DD-4C63-ADF0-D50A6FA28D09}.Release|x86.ActiveCfg = Release|Any CPU
		{9EE9E808-A8DD-4C63-ADF0-D50A6FA28D09}.Release|x86.Build.0 = Release|Any CPU
		{9DD9A387-89F9-4E5E-A0BF-A4D2F4A7AA59}.Debug|Any CPU.ActiveCfg = Debug|Any CPU
		{9DD9A387-89F9-4E5E-A0BF-A4D2F4A7AA59}.Debug|Any CPU.Build.0 = Debug|Any CPU
		{9DD9A387-89F9-4E5E-A0BF-A4D2F4A7AA59}.Debug|x64.ActiveCfg = Debug|Any CPU
		{9DD9A387-89F9-4E5E-A0BF-A4D2F4A7AA59}.Debug|x64.Build.0 = Debug|Any CPU
		{9DD9A387-89F9-4E5E-A0BF-A4D2F4A7AA59}.Debug|x86.ActiveCfg = Debug|Any CPU
		{9DD9A387-89F9-4E5E-A0BF-A4D2F4A7AA59}.Debug|x86.Build.0 = Debug|Any CPU
		{9DD9A387-89F9-4E5E-A0BF-A4D2F4A7AA59}.Release|Any CPU.ActiveCfg = Release|Any CPU
		{9DD9A387-89F9-4E5E-A0BF-A4D2F4A7AA59}.Release|Any CPU.Build.0 = Release|Any CPU
		{9DD9A387-89F9-4E5E-A0BF-A4D2F4A7AA59}.Release|x64.ActiveCfg = Release|Any CPU
		{9DD9A387-89F9-4E5E-A0BF-A4D2F4A7AA59}.Release|x64.Build.0 = Release|Any CPU
		{9DD9A387-89F9-4E5E-A0BF-A4D2F4A7AA59}.Release|x86.ActiveCfg = Release|Any CPU
		{9DD9A387-89F9-4E5E-A0BF-A4D2F4A7AA59}.Release|x86.Build.0 = Release|Any CPU
		{06B4BB2B-FA10-49B9-861F-BB0A1D83B1E1}.Debug|Any CPU.ActiveCfg = Debug|Any CPU
		{06B4BB2B-FA10-49B9-861F-BB0A1D83B1E1}.Debug|Any CPU.Build.0 = Debug|Any CPU
		{06B4BB2B-FA10-49B9-861F-BB0A1D83B1E1}.Debug|x64.ActiveCfg = Debug|Any CPU
		{06B4BB2B-FA10-49B9-861F-BB0A1D83B1E1}.Debug|x64.Build.0 = Debug|Any CPU
		{06B4BB2B-FA10-49B9-861F-BB0A1D83B1E1}.Debug|x86.ActiveCfg = Debug|Any CPU
		{06B4BB2B-FA10-49B9-861F-BB0A1D83B1E1}.Debug|x86.Build.0 = Debug|Any CPU
		{06B4BB2B-FA10-49B9-861F-BB0A1D83B1E1}.Release|Any CPU.ActiveCfg = Release|Any CPU
		{06B4BB2B-FA10-49B9-861F-BB0A1D83B1E1}.Release|Any CPU.Build.0 = Release|Any CPU
		{06B4BB2B-FA10-49B9-861F-BB0A1D83B1E1}.Release|x64.ActiveCfg = Release|Any CPU
		{06B4BB2B-FA10-49B9-861F-BB0A1D83B1E1}.Release|x64.Build.0 = Release|Any CPU
		{06B4BB2B-FA10-49B9-861F-BB0A1D83B1E1}.Release|x86.ActiveCfg = Release|Any CPU
		{06B4BB2B-FA10-49B9-861F-BB0A1D83B1E1}.Release|x86.Build.0 = Release|Any CPU
		{07662914-90CF-4CB7-B78B-28970BE5CE3D}.Debug|Any CPU.ActiveCfg = Debug|Any CPU
		{07662914-90CF-4CB7-B78B-28970BE5CE3D}.Debug|Any CPU.Build.0 = Debug|Any CPU
		{07662914-90CF-4CB7-B78B-28970BE5CE3D}.Debug|x64.ActiveCfg = Debug|Any CPU
		{07662914-90CF-4CB7-B78B-28970BE5CE3D}.Debug|x64.Build.0 = Debug|Any CPU
		{07662914-90CF-4CB7-B78B-28970BE5CE3D}.Debug|x86.ActiveCfg = Debug|Any CPU
		{07662914-90CF-4CB7-B78B-28970BE5CE3D}.Debug|x86.Build.0 = Debug|Any CPU
		{07662914-90CF-4CB7-B78B-28970BE5CE3D}.Release|Any CPU.ActiveCfg = Release|Any CPU
		{07662914-90CF-4CB7-B78B-28970BE5CE3D}.Release|Any CPU.Build.0 = Release|Any CPU
		{07662914-90CF-4CB7-B78B-28970BE5CE3D}.Release|x64.ActiveCfg = Release|Any CPU
		{07662914-90CF-4CB7-B78B-28970BE5CE3D}.Release|x64.Build.0 = Release|Any CPU
		{07662914-90CF-4CB7-B78B-28970BE5CE3D}.Release|x86.ActiveCfg = Release|Any CPU
		{07662914-90CF-4CB7-B78B-28970BE5CE3D}.Release|x86.Build.0 = Release|Any CPU
		{7F595548-CCE3-494D-813B-7D38716A1EAB}.Debug|Any CPU.ActiveCfg = Debug|Any CPU
		{7F595548-CCE3-494D-813B-7D38716A1EAB}.Debug|Any CPU.Build.0 = Debug|Any CPU
		{7F595548-CCE3-494D-813B-7D38716A1EAB}.Debug|x64.ActiveCfg = Debug|Any CPU
		{7F595548-CCE3-494D-813B-7D38716A1EAB}.Debug|x64.Build.0 = Debug|Any CPU
		{7F595548-CCE3-494D-813B-7D38716A1EAB}.Debug|x86.ActiveCfg = Debug|Any CPU
		{7F595548-CCE3-494D-813B-7D38716A1EAB}.Debug|x86.Build.0 = Debug|Any CPU
		{7F595548-CCE3-494D-813B-7D38716A1EAB}.Release|Any CPU.ActiveCfg = Release|Any CPU
		{7F595548-CCE3-494D-813B-7D38716A1EAB}.Release|Any CPU.Build.0 = Release|Any CPU
		{7F595548-CCE3-494D-813B-7D38716A1EAB}.Release|x64.ActiveCfg = Release|Any CPU
		{7F595548-CCE3-494D-813B-7D38716A1EAB}.Release|x64.Build.0 = Release|Any CPU
		{7F595548-CCE3-494D-813B-7D38716A1EAB}.Release|x86.ActiveCfg = Release|Any CPU
		{7F595548-CCE3-494D-813B-7D38716A1EAB}.Release|x86.Build.0 = Release|Any CPU
	EndGlobalSection
	GlobalSection(SolutionProperties) = preSolution
		HideSolutionNode = FALSE
	EndGlobalSection
EndGlobal
