
Microsoft Visual Studio Solution File, Format Version 12.00
# Visual Studio Version 17
VisualStudioVersion = 17.0.31903.59
MinimumVisualStudioVersion = 10.0.40219.1
Project("{FAE04EC0-301F-11D3-BF4B-00C04F79EFBC}") = "ProductService.WebAPI", "ProductService.WebAPI\ProductService.WebAPI.csproj", "{9448603E-2C84-452C-8E02-C27ACF94FACA}"
EndProject
Project("{FAE04EC0-301F-11D3-BF4B-00C04F79EFBC}") = "ProductService.Core.Application", "ProductService.Core.Application\ProductService.Core.Application.csproj", "{B0931B22-098F-4F73-8D2D-E7173F52AB82}"
EndProject
Project("{FAE04EC0-301F-11D3-BF4B-00C04F79EFBC}") = "ProductService.Core.Domain", "ProductService.Core.Domain\ProductService.Core.Domain.csproj", "{7AC14E76-5675-43E2-A2CB-6B15AEDB833D}"
EndProject
Project("{FAE04EC0-301F-11D3-BF4B-00C04F79EFBC}") = "ProductService.Infrastructure.Persistence", "ProductService.Infrastructure.Persistence\ProductService.Infrastructure.Persistence.csproj", "{A7B449CF-3CE2-4635-B7EB-9A2ADAE6DF20}"
EndProject
Project("{FAE04EC0-301F-11D3-BF4B-00C04F79EFBC}") = "ProductService.Infrastructure.Shared", "ProductService.Infrastructure.Shared\ProductService.Infrastructure.Shared.csproj", "{3CA0A847-B60C-4809-BC48-11DCE31D88B8}"
EndProject
Global
	GlobalSection(SolutionConfigurationPlatforms) = preSolution
		Debug|Any CPU = Debug|Any CPU
		Debug|x64 = Debug|x64
		Debug|x86 = Debug|x86
		Release|Any CPU = Release|Any CPU
		Release|x64 = Release|x64
		Release|x86 = Release|x86
	EndGlobalSection
	GlobalSection(ProjectConfigurationPlatforms) = postSolution
		{9448603E-2C84-452C-8E02-C27ACF94FACA}.Debug|Any CPU.ActiveCfg = Debug|Any CPU
		{9448603E-2C84-452C-8E02-C27ACF94FACA}.Debug|Any CPU.Build.0 = Debug|Any CPU
		{9448603E-2C84-452C-8E02-C27ACF94FACA}.Debug|x64.ActiveCfg = Debug|Any CPU
		{9448603E-2C84-452C-8E02-C27ACF94FACA}.Debug|x64.Build.0 = Debug|Any CPU
		{9448603E-2C84-452C-8E02-C27ACF94FACA}.Debug|x86.ActiveCfg = Debug|Any CPU
		{9448603E-2C84-452C-8E02-C27ACF94FACA}.Debug|x86.Build.0 = Debug|Any CPU
		{9448603E-2C84-452C-8E02-C27ACF94FACA}.Release|Any CPU.ActiveCfg = Release|Any CPU
		{9448603E-2C84-452C-8E02-C27ACF94FACA}.Release|Any CPU.Build.0 = Release|Any CPU
		{9448603E-2C84-452C-8E02-C27ACF94FACA}.Release|x64.ActiveCfg = Release|Any CPU
		{9448603E-2C84-452C-8E02-C27ACF94FACA}.Release|x64.Build.0 = Release|Any CPU
		{9448603E-2C84-452C-8E02-C27ACF94FACA}.Release|x86.ActiveCfg = Release|Any CPU
		{9448603E-2C84-452C-8E02-C27ACF94FACA}.Release|x86.Build.0 = Release|Any CPU
		{B0931B22-098F-4F73-8D2D-E7173F52AB82}.Debug|Any CPU.ActiveCfg = Debug|Any CPU
		{B0931B22-098F-4F73-8D2D-E7173F52AB82}.Debug|Any CPU.Build.0 = Debug|Any CPU
		{B0931B22-098F-4F73-8D2D-E7173F52AB82}.Debug|x64.ActiveCfg = Debug|Any CPU
		{B0931B22-098F-4F73-8D2D-E7173F52AB82}.Debug|x64.Build.0 = Debug|Any CPU
		{B0931B22-098F-4F73-8D2D-E7173F52AB82}.Debug|x86.ActiveCfg = Debug|Any CPU
		{B0931B22-098F-4F73-8D2D-E7173F52AB82}.Debug|x86.Build.0 = Debug|Any CPU
		{B0931B22-098F-4F73-8D2D-E7173F52AB82}.Release|Any CPU.ActiveCfg = Release|Any CPU
		{B0931B22-098F-4F73-8D2D-E7173F52AB82}.Release|Any CPU.Build.0 = Release|Any CPU
		{B0931B22-098F-4F73-8D2D-E7173F52AB82}.Release|x64.ActiveCfg = Release|Any CPU
		{B0931B22-098F-4F73-8D2D-E7173F52AB82}.Release|x64.Build.0 = Release|Any CPU
		{B0931B22-098F-4F73-8D2D-E7173F52AB82}.Release|x86.ActiveCfg = Release|Any CPU
		{B0931B22-098F-4F73-8D2D-E7173F52AB82}.Release|x86.Build.0 = Release|Any CPU
		{7AC14E76-5675-43E2-A2CB-6B15AEDB833D}.Debug|Any CPU.ActiveCfg = Debug|Any CPU
		{7AC14E76-5675-43E2-A2CB-6B15AEDB833D}.Debug|Any CPU.Build.0 = Debug|Any CPU
		{7AC14E76-5675-43E2-A2CB-6B15AEDB833D}.Debug|x64.ActiveCfg = Debug|Any CPU
		{7AC14E76-5675-43E2-A2CB-6B15AEDB833D}.Debug|x64.Build.0 = Debug|Any CPU
		{7AC14E76-5675-43E2-A2CB-6B15AEDB833D}.Debug|x86.ActiveCfg = Debug|Any CPU
		{7AC14E76-5675-43E2-A2CB-6B15AEDB833D}.Debug|x86.Build.0 = Debug|Any CPU
		{7AC14E76-5675-43E2-A2CB-6B15AEDB833D}.Release|Any CPU.ActiveCfg = Release|Any CPU
		{7AC14E76-5675-43E2-A2CB-6B15AEDB833D}.Release|Any CPU.Build.0 = Release|Any CPU
		{7AC14E76-5675-43E2-A2CB-6B15AEDB833D}.Release|x64.ActiveCfg = Release|Any CPU
		{7AC14E76-5675-43E2-A2CB-6B15AEDB833D}.Release|x64.Build.0 = Release|Any CPU
		{7AC14E76-5675-43E2-A2CB-6B15AEDB833D}.Release|x86.ActiveCfg = Release|Any CPU
		{7AC14E76-5675-43E2-A2CB-6B15AEDB833D}.Release|x86.Build.0 = Release|Any CPU
		{A7B449CF-3CE2-4635-B7EB-9A2ADAE6DF20}.Debug|Any CPU.ActiveCfg = Debug|Any CPU
		{A7B449CF-3CE2-4635-B7EB-9A2ADAE6DF20}.Debug|Any CPU.Build.0 = Debug|Any CPU
		{A7B449CF-3CE2-4635-B7EB-9A2ADAE6DF20}.Debug|x64.ActiveCfg = Debug|Any CPU
		{A7B449CF-3CE2-4635-B7EB-9A2ADAE6DF20}.Debug|x64.Build.0 = Debug|Any CPU
		{A7B449CF-3CE2-4635-B7EB-9A2ADAE6DF20}.Debug|x86.ActiveCfg = Debug|Any CPU
		{A7B449CF-3CE2-4635-B7EB-9A2ADAE6DF20}.Debug|x86.Build.0 = Debug|Any CPU
		{A7B449CF-3CE2-4635-B7EB-9A2ADAE6DF20}.Release|Any CPU.ActiveCfg = Release|Any CPU
		{A7B449CF-3CE2-4635-B7EB-9A2ADAE6DF20}.Release|Any CPU.Build.0 = Release|Any CPU
		{A7B449CF-3CE2-4635-B7EB-9A2ADAE6DF20}.Release|x64.ActiveCfg = Release|Any CPU
		{A7B449CF-3CE2-4635-B7EB-9A2ADAE6DF20}.Release|x64.Build.0 = Release|Any CPU
		{A7B449CF-3CE2-4635-B7EB-9A2ADAE6DF20}.Release|x86.ActiveCfg = Release|Any CPU
		{A7B449CF-3CE2-4635-B7EB-9A2ADAE6DF20}.Release|x86.Build.0 = Release|Any CPU
		{3CA0A847-B60C-4809-BC48-11DCE31D88B8}.Debug|Any CPU.ActiveCfg = Debug|Any CPU
		{3CA0A847-B60C-4809-BC48-11DCE31D88B8}.Debug|Any CPU.Build.0 = Debug|Any CPU
		{3CA0A847-B60C-4809-BC48-11DCE31D88B8}.Debug|x64.ActiveCfg = Debug|Any CPU
		{3CA0A847-B60C-4809-BC48-11DCE31D88B8}.Debug|x64.Build.0 = Debug|Any CPU
		{3CA0A847-B60C-4809-BC48-11DCE31D88B8}.Debug|x86.ActiveCfg = Debug|Any CPU
		{3CA0A847-B60C-4809-BC48-11DCE31D88B8}.Debug|x86.Build.0 = Debug|Any CPU
		{3CA0A847-B60C-4809-BC48-11DCE31D88B8}.Release|Any CPU.ActiveCfg = Release|Any CPU
		{3CA0A847-B60C-4809-BC48-11DCE31D88B8}.Release|Any CPU.Build.0 = Release|Any CPU
		{3CA0A847-B60C-4809-BC48-11DCE31D88B8}.Release|x64.ActiveCfg = Release|Any CPU
		{3CA0A847-B60C-4809-BC48-11DCE31D88B8}.Release|x64.Build.0 = Release|Any CPU
		{3CA0A847-B60C-4809-BC48-11DCE31D88B8}.Release|x86.ActiveCfg = Release|Any CPU
		{3CA0A847-B60C-4809-BC48-11DCE31D88B8}.Release|x86.Build.0 = Release|Any CPU
	EndGlobalSection
	GlobalSection(SolutionProperties) = preSolution
		HideSolutionNode = FALSE
	EndGlobalSection
EndGlobal
